// !$*UTF8*$!
{
	archiveVersion = 1;
	classes = {
	};
	objectVersion = 50;
	objects = {

/* Begin PBXBuildFile section */
		A02E2F2421825AB200068C37 /* AppDelegate.swift in Sources */ = {isa = PBXBuildFile; fileRef = A02E2F2321825AB200068C37 /* AppDelegate.swift */; };
		A02E2F2621825AB200068C37 /* ViewController.swift in Sources */ = {isa = PBXBuildFile; fileRef = A02E2F2521825AB200068C37 /* ViewController.swift */; };
		A02E2F2921825AB200068C37 /* Main.storyboard in Resources */ = {isa = PBXBuildFile; fileRef = A02E2F2721825AB200068C37 /* Main.storyboard */; };
		A02E2F2B21825AB300068C37 /* Assets.xcassets in Resources */ = {isa = PBXBuildFile; fileRef = A02E2F2A21825AB300068C37 /* Assets.xcassets */; };
		A02E2F2E21825AB300068C37 /* LaunchScreen.storyboard in Resources */ = {isa = PBXBuildFile; fileRef = A02E2F2C21825AB300068C37 /* LaunchScreen.storyboard */; };
		A02E2F3621825E8600068C37 /* Test.swift in Sources */ = {isa = PBXBuildFile; fileRef = A02E2F3521825E8600068C37 /* Test.swift */; };
		A02E2F3921825EA600068C37 /* Alamofire.framework in Frameworks */ = {isa = PBXBuildFile; fileRef = A02E2F3821825EA600068C37 /* Alamofire.framework */; };
		A02E2F3A21825F9900068C37 /* Alamofire.framework in Frameworks */ = {isa = PBXBuildFile; fileRef = A02E2F3821825EA600068C37 /* Alamofire.framework */; };
		A02E2F3B21825F9900068C37 /* Alamofire.framework in Embed Frameworks */ = {isa = PBXBuildFile; fileRef = A02E2F3821825EA600068C37 /* Alamofire.framework */; settings = {ATTRIBUTES = (CodeSignOnCopy, RemoveHeadersOnCopy, ); }; };
		A02E2F3E2190913400068C37 /* Kanna.framework in Frameworks */ = {isa = PBXBuildFile; fileRef = A02E2F3D2190913400068C37 /* Kanna.framework */; };
		A02E2F3F2190913400068C37 /* Kanna.framework in Embed Frameworks */ = {isa = PBXBuildFile; fileRef = A02E2F3D2190913400068C37 /* Kanna.framework */; settings = {ATTRIBUTES = (CodeSignOnCopy, RemoveHeadersOnCopy, ); }; };
		A02E2F41219E080300068C37 /* imageCell.swift in Sources */ = {isa = PBXBuildFile; fileRef = A02E2F40219E080300068C37 /* imageCell.swift */; };
		A0B41BD821B6D385000E8F36 /* Cos.swift in Sources */ = {isa = PBXBuildFile; fileRef = A0B41BD221B6D385000E8F36 /* Cos.swift */; };
		A0B41BD921B6D385000E8F36 /* ListBucketsResult.swift in Sources */ = {isa = PBXBuildFile; fileRef = A0B41BD421B6D385000E8F36 /* ListBucketsResult.swift */; };
		A0B41BDA21B6D385000E8F36 /* CosRegion.swift in Sources */ = {isa = PBXBuildFile; fileRef = A0B41BD521B6D385000E8F36 /* CosRegion.swift */; };
		A0B41BDB21B6D385000E8F36 /* ErrorResult.swift in Sources */ = {isa = PBXBuildFile; fileRef = A0B41BD621B6D385000E8F36 /* ErrorResult.swift */; };
		A0B41BDC21B6D385000E8F36 /* ListObjectsResult.swift in Sources */ = {isa = PBXBuildFile; fileRef = A0B41BD721B6D385000E8F36 /* ListObjectsResult.swift */; };
		A0B41BDF21B6D858000E8F36 /* RestKit.framework in Frameworks */ = {isa = PBXBuildFile; fileRef = A0B41BDD21B6D858000E8F36 /* RestKit.framework */; };
		A0B41BE021B6D858000E8F36 /* XMLParsing.framework in Frameworks */ = {isa = PBXBuildFile; fileRef = A0B41BDE21B6D858000E8F36 /* XMLParsing.framework */; };
		A0B41BE121B6D864000E8F36 /* RestKit.framework in Frameworks */ = {isa = PBXBuildFile; fileRef = A0B41BDD21B6D858000E8F36 /* RestKit.framework */; };
		A0B41BE221B6D864000E8F36 /* RestKit.framework in Embed Frameworks */ = {isa = PBXBuildFile; fileRef = A0B41BDD21B6D858000E8F36 /* RestKit.framework */; settings = {ATTRIBUTES = (CodeSignOnCopy, RemoveHeadersOnCopy, ); }; };
		A0B41BE321B6D864000E8F36 /* XMLParsing.framework in Frameworks */ = {isa = PBXBuildFile; fileRef = A0B41BDE21B6D858000E8F36 /* XMLParsing.framework */; };
		A0B41BE421B6D864000E8F36 /* XMLParsing.framework in Embed Frameworks */ = {isa = PBXBuildFile; fileRef = A0B41BDE21B6D858000E8F36 /* XMLParsing.framework */; settings = {ATTRIBUTES = (CodeSignOnCopy, RemoveHeadersOnCopy, ); }; };
/* End PBXBuildFile section */

/* Begin PBXCopyFilesBuildPhase section */
		A02E2F3C21825F9900068C37 /* Embed Frameworks */ = {
			isa = PBXCopyFilesBuildPhase;
			buildActionMask = 2147483647;
			dstPath = "";
			dstSubfolderSpec = 10;
			files = (
				A02E2F3F2190913400068C37 /* Kanna.framework in Embed Frameworks */,
				A0B41BE421B6D864000E8F36 /* XMLParsing.framework in Embed Frameworks */,
				A02E2F3B21825F9900068C37 /* Alamofire.framework in Embed Frameworks */,
				A0B41BE221B6D864000E8F36 /* RestKit.framework in Embed Frameworks */,
			);
			name = "Embed Frameworks";
			runOnlyForDeploymentPostprocessing = 0;
		};
/* End PBXCopyFilesBuildPhase section */

/* Begin PBXFileReference section */
		A02E2F2021825AB200068C37 /* Test2.app */ = {isa = PBXFileReference; explicitFileType = wrapper.application; includeInIndex = 0; path = Test2.app; sourceTree = BUILT_PRODUCTS_DIR; };
		A02E2F2321825AB200068C37 /* AppDelegate.swift */ = {isa = PBXFileReference; lastKnownFileType = sourcecode.swift; path = AppDelegate.swift; sourceTree = "<group>"; };
		A02E2F2521825AB200068C37 /* ViewController.swift */ = {isa = PBXFileReference; lastKnownFileType = sourcecode.swift; path = ViewController.swift; sourceTree = "<group>"; };
		A02E2F2821825AB200068C37 /* Base */ = {isa = PBXFileReference; lastKnownFileType = file.storyboard; name = Base; path = Base.lproj/Main.storyboard; sourceTree = "<group>"; };
		A02E2F2A21825AB300068C37 /* Assets.xcassets */ = {isa = PBXFileReference; lastKnownFileType = folder.assetcatalog; path = Assets.xcassets; sourceTree = "<group>"; };
		A02E2F2D21825AB300068C37 /* Base */ = {isa = PBXFileReference; lastKnownFileType = file.storyboard; name = Base; path = Base.lproj/LaunchScreen.storyboard; sourceTree = "<group>"; };
		A02E2F2F21825AB300068C37 /* Info.plist */ = {isa = PBXFileReference; lastKnownFileType = text.plist.xml; path = Info.plist; sourceTree = "<group>"; };
		A02E2F3521825E8600068C37 /* Test.swift */ = {isa = PBXFileReference; lastKnownFileType = sourcecode.swift; path = Test.swift; sourceTree = "<group>"; };
		A02E2F3821825EA600068C37 /* Alamofire.framework */ = {isa = PBXFileReference; lastKnownFileType = wrapper.framework; name = Alamofire.framework; path = Carthage/Build/iOS/Alamofire.framework; sourceTree = "<group>"; };
		A02E2F3D2190913400068C37 /* Kanna.framework */ = {isa = PBXFileReference; lastKnownFileType = wrapper.framework; name = Kanna.framework; path = Carthage/Build/iOS/Kanna.framework; sourceTree = "<group>"; };
		A02E2F40219E080300068C37 /* imageCell.swift */ = {isa = PBXFileReference; lastKnownFileType = sourcecode.swift; path = imageCell.swift; sourceTree = "<group>"; };
		A0B41BD221B6D385000E8F36 /* Cos.swift */ = {isa = PBXFileReference; fileEncoding = 4; lastKnownFileType = sourcecode.swift; path = Cos.swift; sourceTree = "<group>"; };
		A0B41BD421B6D385000E8F36 /* ListBucketsResult.swift */ = {isa = PBXFileReference; fileEncoding = 4; lastKnownFileType = sourcecode.swift; path = ListBucketsResult.swift; sourceTree = "<group>"; };
		A0B41BD521B6D385000E8F36 /* CosRegion.swift */ = {isa = PBXFileReference; fileEncoding = 4; lastKnownFileType = sourcecode.swift; path = CosRegion.swift; sourceTree = "<group>"; };
		A0B41BD621B6D385000E8F36 /* ErrorResult.swift */ = {isa = PBXFileReference; fileEncoding = 4; lastKnownFileType = sourcecode.swift; path = ErrorResult.swift; sourceTree = "<group>"; };
		A0B41BD721B6D385000E8F36 /* ListObjectsResult.swift */ = {isa = PBXFileReference; fileEncoding = 4; lastKnownFileType = sourcecode.swift; path = ListObjectsResult.swift; sourceTree = "<group>"; };
		A0B41BDD21B6D858000E8F36 /* RestKit.framework */ = {isa = PBXFileReference; lastKnownFileType = wrapper.framework; name = RestKit.framework; path = Carthage/Build/iOS/RestKit.framework; sourceTree = "<group>"; };
		A0B41BDE21B6D858000E8F36 /* XMLParsing.framework */ = {isa = PBXFileReference; lastKnownFileType = wrapper.framework; name = XMLParsing.framework; path = Carthage/Build/iOS/XMLParsing.framework; sourceTree = "<group>"; };
/* End PBXFileReference section */

/* Begin PBXFrameworksBuildPhase section */
		A02E2F1D21825AB200068C37 /* Frameworks */ = {
			isa = PBXFrameworksBuildPhase;
			buildActionMask = 2147483647;
			files = (
				A02E2F3921825EA600068C37 /* Alamofire.framework in Frameworks */,
				A02E2F3A21825F9900068C37 /* Alamofire.framework in Frameworks */,
				A0B41BE021B6D858000E8F36 /* XMLParsing.framework in Frameworks */,
				A02E2F3E2190913400068C37 /* Kanna.framework in Frameworks */,
				A0B41BE321B6D864000E8F36 /* XMLParsing.framework in Frameworks */,
				A0B41BDF21B6D858000E8F36 /* RestKit.framework in Frameworks */,
				A0B41BE121B6D864000E8F36 /* RestKit.framework in Frameworks */,
			);
			runOnlyForDeploymentPostprocessing = 0;
		};
/* End PBXFrameworksBuildPhase section */

/* Begin PBXGroup section */
		A02E2F1721825AB200068C37 = {
			isa = PBXGroup;
			children = (
				A0B41BDD21B6D858000E8F36 /* RestKit.framework */,
				A0B41BDE21B6D858000E8F36 /* XMLParsing.framework */,
				A02E2F3D2190913400068C37 /* Kanna.framework */,
				A02E2F2221825AB200068C37 /* Test2 */,
				A02E2F2121825AB200068C37 /* Products */,
				A02E2F3721825EA600068C37 /* Frameworks */,
			);
			sourceTree = "<group>";
		};
		A02E2F2121825AB200068C37 /* Products */ = {
			isa = PBXGroup;
			children = (
				A02E2F2021825AB200068C37 /* Test2.app */,
			);
			name = Products;
			sourceTree = "<group>";
		};
		A02E2F2221825AB200068C37 /* Test2 */ = {
			isa = PBXGroup;
			children = (
				A0B41BD221B6D385000E8F36 /* Cos.swift */,
				A0B41BD421B6D385000E8F36 /* ListBucketsResult.swift */,
				A0B41BD521B6D385000E8F36 /* CosRegion.swift */,
				A0B41BD621B6D385000E8F36 /* ErrorResult.swift */,
				A0B41BD721B6D385000E8F36 /* ListObjectsResult.swift */,
				A02E2F2321825AB200068C37 /* AppDelegate.swift */,
				A02E2F2521825AB200068C37 /* ViewController.swift */,
				A02E2F2721825AB200068C37 /* Main.storyboard */,
				A02E2F40219E080300068C37 /* imageCell.swift */,
				A02E2F2A21825AB300068C37 /* Assets.xcassets */,
				A02E2F2C21825AB300068C37 /* LaunchScreen.storyboard */,
				A02E2F2F21825AB300068C37 /* Info.plist */,
				A02E2F3521825E8600068C37 /* Test.swift */,
			);
			path = Test2;
			sourceTree = "<group>";
		};
		A02E2F3721825EA600068C37 /* Frameworks */ = {
			isa = PBXGroup;
			children = (
				A02E2F3821825EA600068C37 /* Alamofire.framework */,
			);
			name = Frameworks;
			sourceTree = "<group>";
		};
/* End PBXGroup section */

/* Begin PBXNativeTarget section */
		A02E2F1F21825AB200068C37 /* Test2 */ = {
			isa = PBXNativeTarget;
			buildConfigurationList = A02E2F3221825AB300068C37 /* Build configuration list for PBXNativeTarget "Test2" */;
			buildPhases = (
				A02E2F1C21825AB200068C37 /* Sources */,
				A02E2F1D21825AB200068C37 /* Frameworks */,
				A02E2F1E21825AB200068C37 /* Resources */,
				A02E2F3C21825F9900068C37 /* Embed Frameworks */,
			);
			buildRules = (
			);
			dependencies = (
			);
			name = Test2;
			productName = Test2;
			productReference = A02E2F2021825AB200068C37 /* Test2.app */;
			productType = "com.apple.product-type.application";
		};
/* End PBXNativeTarget section */

/* Begin PBXProject section */
		A02E2F1821825AB200068C37 /* Project object */ = {
			isa = PBXProject;
			attributes = {
				LastSwiftUpdateCheck = 1000;
				LastUpgradeCheck = 1000;
				ORGANIZATIONNAME = "Max Shapiro";
				TargetAttributes = {
					A02E2F1F21825AB200068C37 = {
						CreatedOnToolsVersion = 10.0;
					};
				};
			};
			buildConfigurationList = A02E2F1B21825AB200068C37 /* Build configuration list for PBXProject "Test2" */;
			compatibilityVersion = "Xcode 9.3";
			developmentRegion = en;
			hasScannedForEncodings = 0;
			knownRegions = (
				en,
				Base,
			);
			mainGroup = A02E2F1721825AB200068C37;
			productRefGroup = A02E2F2121825AB200068C37 /* Products */;
			projectDirPath = "";
			projectRoot = "";
			targets = (
				A02E2F1F21825AB200068C37 /* Test2 */,
			);
		};
/* End PBXProject section */

/* Begin PBXResourcesBuildPhase section */
		A02E2F1E21825AB200068C37 /* Resources */ = {
			isa = PBXResourcesBuildPhase;
			buildActionMask = 2147483647;
			files = (
				A02E2F2E21825AB300068C37 /* LaunchScreen.storyboard in Resources */,
				A02E2F2B21825AB300068C37 /* Assets.xcassets in Resources */,
				A02E2F2921825AB200068C37 /* Main.storyboard in Resources */,
			);
			runOnlyForDeploymentPostprocessing = 0;
		};
/* End PBXResourcesBuildPhase section */

/* Begin PBXSourcesBuildPhase section */
		A02E2F1C21825AB200068C37 /* Sources */ = {
			isa = PBXSourcesBuildPhase;
			buildActionMask = 2147483647;
			files = (
				A02E2F2621825AB200068C37 /* ViewController.swift in Sources */,
				A0B41BDA21B6D385000E8F36 /* CosRegion.swift in Sources */,
				A0B41BDC21B6D385000E8F36 /* ListObjectsResult.swift in Sources */,
				A0B41BD821B6D385000E8F36 /* Cos.swift in Sources */,
				A0B41BD921B6D385000E8F36 /* ListBucketsResult.swift in Sources */,
				A02E2F41219E080300068C37 /* imageCell.swift in Sources */,
				A0B41BDB21B6D385000E8F36 /* ErrorResult.swift in Sources */,
				A02E2F2421825AB200068C37 /* AppDelegate.swift in Sources */,
				A02E2F3621825E8600068C37 /* Test.swift in Sources */,
			);
			runOnlyForDeploymentPostprocessing = 0;
		};
/* End PBXSourcesBuildPhase section */

/* Begin PBXVariantGroup section */
		A02E2F2721825AB200068C37 /* Main.storyboard */ = {
			isa = PBXVariantGroup;
			children = (
				A02E2F2821825AB200068C37 /* Base */,
			);
			name = Main.storyboard;
			sourceTree = "<group>";
		};
		A02E2F2C21825AB300068C37 /* LaunchScreen.storyboard */ = {
			isa = PBXVariantGroup;
			children = (
				A02E2F2D21825AB300068C37 /* Base */,
			);
			name = LaunchScreen.storyboard;
			sourceTree = "<group>";
		};
/* End PBXVariantGroup section */

/* Begin XCBuildConfiguration section */
		A02E2F3021825AB300068C37 /* Debug */ = {
			isa = XCBuildConfiguration;
			buildSettings = {
				ALWAYS_SEARCH_USER_PATHS = NO;
				CLANG_ANALYZER_NONNULL = YES;
				CLANG_ANALYZER_NUMBER_OBJECT_CONVERSION = YES_AGGRESSIVE;
				CLANG_CXX_LANGUAGE_STANDARD = "gnu++14";
				CLANG_CXX_LIBRARY = "libc++";
				CLANG_ENABLE_MODULES = YES;
				CLANG_ENABLE_OBJC_ARC = YES;
				CLANG_ENABLE_OBJC_WEAK = YES;
				CLANG_WARN_BLOCK_CAPTURE_AUTORELEASING = YES;
				CLANG_WARN_BOOL_CONVERSION = YES;
				CLANG_WARN_COMMA = YES;
				CLANG_WARN_CONSTANT_CONVERSION = YES;
				CLANG_WARN_DEPRECATED_OBJC_IMPLEMENTATIONS = YES;
				CLANG_WARN_DIRECT_OBJC_ISA_USAGE = YES_ERROR;
				CLANG_WARN_DOCUMENTATION_COMMENTS = YES;
				CLANG_WARN_EMPTY_BODY = YES;
				CLANG_WARN_ENUM_CONVERSION = YES;
				CLANG_WARN_INFINITE_RECURSION = YES;
				CLANG_WARN_INT_CONVERSION = YES;
				CLANG_WARN_NON_LITERAL_NULL_CONVERSION = YES;
				CLANG_WARN_OBJC_IMPLICIT_RETAIN_SELF = YES;
				CLANG_WARN_OBJC_LITERAL_CONVERSION = YES;
				CLANG_WARN_OBJC_ROOT_CLASS = YES_ERROR;
				CLANG_WARN_RANGE_LOOP_ANALYSIS = YES;
				CLANG_WARN_STRICT_PROTOTYPES = YES;
				CLANG_WARN_SUSPICIOUS_MOVE = YES;
				CLANG_WARN_UNGUARDED_AVAILABILITY = YES_AGGRESSIVE;
				CLANG_WARN_UNREACHABLE_CODE = YES;
				CLANG_WARN__DUPLICATE_METHOD_MATCH = YES;
				CODE_SIGN_IDENTITY = "iPhone Developer";
				COPY_PHASE_STRIP = NO;
				DEBUG_INFORMATION_FORMAT = dwarf;
				ENABLE_STRICT_OBJC_MSGSEND = YES;
				ENABLE_TESTABILITY = YES;
				GCC_C_LANGUAGE_STANDARD = gnu11;
				GCC_DYNAMIC_NO_PIC = NO;
				GCC_NO_COMMON_BLOCKS = YES;
				GCC_OPTIMIZATION_LEVEL = 0;
				GCC_PREPROCESSOR_DEFINITIONS = (
					"DEBUG=1",
					"$(inherited)",
				);
				GCC_WARN_64_TO_32_BIT_CONVERSION = YES;
				GCC_WARN_ABOUT_RETURN_TYPE = YES_ERROR;
				GCC_WARN_UNDECLARED_SELECTOR = YES;
				GCC_WARN_UNINITIALIZED_AUTOS = YES_AGGRESSIVE;
				GCC_WARN_UNUSED_FUNCTION = YES;
				GCC_WARN_UNUSED_VARIABLE = YES;
				IPHONEOS_DEPLOYMENT_TARGET = 12.0;
				MTL_ENABLE_DEBUG_INFO = INCLUDE_SOURCE;
				MTL_FAST_MATH = YES;
				ONLY_ACTIVE_ARCH = YES;
				SDKROOT = iphoneos;
				SWIFT_ACTIVE_COMPILATION_CONDITIONS = DEBUG;
				SWIFT_OPTIMIZATION_LEVEL = "-Onone";
			};
			name = Debug;
		};
		A02E2F3121825AB300068C37 /* Release */ = {
			isa = XCBuildConfiguration;
			buildSettings = {
				ALWAYS_SEARCH_USER_PATHS = NO;
				CLANG_ANALYZER_NONNULL = YES;
				CLANG_ANALYZER_NUMBER_OBJECT_CONVERSION = YES_AGGRESSIVE;
				CLANG_CXX_LANGUAGE_STANDARD = "gnu++14";
				CLANG_CXX_LIBRARY = "libc++";
				CLANG_ENABLE_MODULES = YES;
				CLANG_ENABLE_OBJC_ARC = YES;
				CLANG_ENABLE_OBJC_WEAK = YES;
				CLANG_WARN_BLOCK_CAPTURE_AUTORELEASING = YES;
				CLANG_WARN_BOOL_CONVERSION = YES;
				CLANG_WARN_COMMA = YES;
				CLANG_WARN_CONSTANT_CONVERSION = YES;
				CLANG_WARN_DEPRECATED_OBJC_IMPLEMENTATIONS = YES;
				CLANG_WARN_DIRECT_OBJC_ISA_USAGE = YES_ERROR;
				CLANG_WARN_DOCUMENTATION_COMMENTS = YES;
				CLANG_WARN_EMPTY_BODY = YES;
				CLANG_WARN_ENUM_CONVERSION = YES;
				CLANG_WARN_INFINITE_RECURSION = YES;
				CLANG_WARN_INT_CONVERSION = YES;
				CLANG_WARN_NON_LITERAL_NULL_CONVERSION = YES;
				CLANG_WARN_OBJC_IMPLICIT_RETAIN_SELF = YES;
				CLANG_WARN_OBJC_LITERAL_CONVERSION = YES;
				CLANG_WARN_OBJC_ROOT_CLASS = YES_ERROR;
				CLANG_WARN_RANGE_LOOP_ANALYSIS = YES;
				CLANG_WARN_STRICT_PROTOTYPES = YES;
				CLANG_WARN_SUSPICIOUS_MOVE = YES;
				CLANG_WARN_UNGUARDED_AVAILABILITY = YES_AGGRESSIVE;
				CLANG_WARN_UNREACHABLE_CODE = YES;
				CLANG_WARN__DUPLICATE_METHOD_MATCH = YES;
				CODE_SIGN_IDENTITY = "iPhone Developer";
				COPY_PHASE_STRIP = NO;
				DEBUG_INFORMATION_FORMAT = "dwarf-with-dsym";
				ENABLE_NS_ASSERTIONS = NO;
				ENABLE_STRICT_OBJC_MSGSEND = YES;
				GCC_C_LANGUAGE_STANDARD = gnu11;
				GCC_NO_COMMON_BLOCKS = YES;
				GCC_WARN_64_TO_32_BIT_CONVERSION = YES;
				GCC_WARN_ABOUT_RETURN_TYPE = YES_ERROR;
				GCC_WARN_UNDECLARED_SELECTOR = YES;
				GCC_WARN_UNINITIALIZED_AUTOS = YES_AGGRESSIVE;
				GCC_WARN_UNUSED_FUNCTION = YES;
				GCC_WARN_UNUSED_VARIABLE = YES;
				IPHONEOS_DEPLOYMENT_TARGET = 12.0;
				MTL_ENABLE_DEBUG_INFO = NO;
				MTL_FAST_MATH = YES;
				SDKROOT = iphoneos;
				SWIFT_COMPILATION_MODE = wholemodule;
				SWIFT_OPTIMIZATION_LEVEL = "-O";
				VALIDATE_PRODUCT = YES;
			};
			name = Release;
		};
		A02E2F3321825AB300068C37 /* Debug */ = {
			isa = XCBuildConfiguration;
			buildSettings = {
				ASSETCATALOG_COMPILER_APPICON_NAME = AppIcon;
				CODE_SIGN_STYLE = Automatic;
				FRAMEWORK_SEARCH_PATHS = (
					"$(inherited)",
					"$(PROJECT_DIR)/Carthage/Build/iOS",
					"$(PROJECT_DIR)",
				);
				HEADER_SEARCH_PATHS = "$(SDKROOT)/usr/include/libxml2";
				INFOPLIST_FILE = Test2/Info.plist;
				LD_RUNPATH_SEARCH_PATHS = (
					"$(inherited)",
					"@executable_path/Frameworks",
				);
				PRODUCT_BUNDLE_IDENTIFIER = com.ibm.maxshapiro32.Test2;
				PRODUCT_NAME = "$(TARGET_NAME)";
				SWIFT_VERSION = 4.2;
				TARGETED_DEVICE_FAMILY = "1,2";
			};
			name = Debug;
		};
		A02E2F3421825AB300068C37 /* Release */ = {
			isa = XCBuildConfiguration;
			buildSettings = {
				ASSETCATALOG_COMPILER_APPICON_NAME = AppIcon;
				CODE_SIGN_STYLE = Automatic;
				FRAMEWORK_SEARCH_PATHS = (
					"$(inherited)",
					"$(PROJECT_DIR)/Carthage/Build/iOS",
					"$(PROJECT_DIR)",
				);
				HEADER_SEARCH_PATHS = "$(SDKROOT)/usr/include/libxml2";
				INFOPLIST_FILE = Test2/Info.plist;
				LD_RUNPATH_SEARCH_PATHS = (
					"$(inherited)",
					"@executable_path/Frameworks",
				);
				PRODUCT_BUNDLE_IDENTIFIER = com.ibm.maxshapiro32.Test2;
				PRODUCT_NAME = "$(TARGET_NAME)";
				SWIFT_VERSION = 4.2;
				TARGETED_DEVICE_FAMILY = "1,2";
			};
			name = Release;
		};
/* End XCBuildConfiguration section */

/* Begin XCConfigurationList section */
		A02E2F1B21825AB200068C37 /* Build configuration list for PBXProject "Test2" */ = {
			isa = XCConfigurationList;
			buildConfigurations = (
				A02E2F3021825AB300068C37 /* Debug */,
				A02E2F3121825AB300068C37 /* Release */,
			);
			defaultConfigurationIsVisible = 0;
			defaultConfigurationName = Release;
		};
		A02E2F3221825AB300068C37 /* Build configuration list for PBXNativeTarget "Test2" */ = {
			isa = XCConfigurationList;
			buildConfigurations = (
				A02E2F3321825AB300068C37 /* Debug */,
				A02E2F3421825AB300068C37 /* Release */,
			);
			defaultConfigurationIsVisible = 0;
			defaultConfigurationName = Release;
		};
/* End XCConfigurationList section */
	};
	rootObject = A02E2F1821825AB200068C37 /* Project object */;
}
